
Microsoft Visual Studio Solution File, Format Version 12.00
# Visual Studio Version 17
VisualStudioVersion = 17.4.33213.308
MinimumVisualStudioVersion = 10.0.40219.1
Project("{FAE04EC0-301F-11D3-BF4B-00C04F79EFBC}") = "AppViajes_HugoPoloGonzalez", "AppViajes_HugoPoloGonzalez\AppViajes_HugoPoloGonzalez.csproj", "{8D64DE44-7158-4D61-8FFB-87241B60FF4A}"
EndProject
Global
	GlobalSection(SolutionConfigurationPlatforms) = preSolution
		Debug|ARM = Debug|ARM
		Debug|ARM64 = Debug|ARM64
		Debug|x64 = Debug|x64
		Debug|x86 = Debug|x86
		Release|ARM = Release|ARM
		Release|ARM64 = Release|ARM64
		Release|x64 = Release|x64
		Release|x86 = Release|x86
	EndGlobalSection
	GlobalSection(ProjectConfigurationPlatforms) = postSolution
		{8D64DE44-7158-4D61-8FFB-87241B60FF4A}.Debug|ARM.ActiveCfg = Debug|ARM
		{8D64DE44-7158-4D61-8FFB-87241B60FF4A}.Debug|ARM.Build.0 = Debug|ARM
		{8D64DE44-7158-4D61-8FFB-87241B60FF4A}.Debug|ARM.Deploy.0 = Debug|ARM
		{8D64DE44-7158-4D61-8FFB-87241B60FF4A}.Debug|ARM64.ActiveCfg = Debug|ARM64
		{8D64DE44-7158-4D61-8FFB-87241B60FF4A}.Debug|ARM64.Build.0 = Debug|ARM64
		{8D64DE44-7158-4D61-8FFB-87241B60FF4A}.Debug|ARM64.Deploy.0 = Debug|ARM64
		{8D64DE44-7158-4D61-8FFB-87241B60FF4A}.Debug|x64.ActiveCfg = Debug|x64
		{8D64DE44-7158-4D61-8FFB-87241B60FF4A}.Debug|x64.Build.0 = Debug|x64
		{8D64DE44-7158-4D61-8FFB-87241B60FF4A}.Debug|x64.Deploy.0 = Debug|x64
		{8D64DE44-7158-4D61-8FFB-87241B60FF4A}.Debug|x86.ActiveCfg = Debug|x86
		{8D64DE44-7158-4D61-8FFB-87241B60FF4A}.Debug|x86.Build.0 = Debug|x86
		{8D64DE44-7158-4D61-8FFB-87241B60FF4A}.Debug|x86.Deploy.0 = Debug|x86
		{8D64DE44-7158-4D61-8FFB-87241B60FF4A}.Release|ARM.ActiveCfg = Release|ARM
		{8D64DE44-7158-4D61-8FFB-87241B60FF4A}.Release|ARM.Build.0 = Release|ARM
		{8D64DE44-7158-4D61-8FFB-87241B60FF4A}.Release|ARM.Deploy.0 = Release|ARM
		{8D64DE44-7158-4D61-8FFB-87241B60FF4A}.Release|ARM64.ActiveCfg = Release|ARM64
		{8D64DE44-7158-4D61-8FFB-87241B60FF4A}.Release|ARM64.Build.0 = Release|ARM64
		{8D64DE44-7158-4D61-8FFB-87241B60FF4A}.Release|ARM64.Deploy.0 = Release|ARM64
		{8D64DE44-7158-4D61-8FFB-87241B60FF4A}.Release|x64.ActiveCfg = Release|x64
		{8D64DE44-7158-4D61-8FFB-87241B60FF4A}.Release|x64.Build.0 = Release|x64
		{8D64DE44-7158-4D61-8FFB-87241B60FF4A}.Release|x64.Deploy.0 = Release|x64
		{8D64DE44-7158-4D61-8FFB-87241B60FF4A}.Release|x86.ActiveCfg = Release|x86
		{8D64DE44-7158-4D61-8FFB-87241B60FF4A}.Release|x86.Build.0 = Release|x86
		{8D64DE44-7158-4D61-8FFB-87241B60FF4A}.Release|x86.Deploy.0 = Release|x86
	EndGlobalSection
	GlobalSection(SolutionProperties) = preSolution
		HideSolutionNode = FALSE
	EndGlobalSection
	GlobalSection(ExtensibilityGlobals) = postSolution
		SolutionGuid = {8FA574E9-89ED-468B-9C6F-34A3FEB5E82F}
	EndGlobalSection
EndGlobal
